
Microsoft Visual Studio Solution File, Format Version 12.00
# Visual Studio Version 16
VisualStudioVersion = 16.0.30320.27
MinimumVisualStudioVersion = 10.0.40219.1
Project("{9A19103F-16F7-4668-BE54-9A1E7A4F7556}") = "ConsoleApp1", "ConsoleApp1.csproj", "{6B0975D1-FA65-48BC-876C-3586AF34269D}"
EndProject
Project("{9A19103F-16F7-4668-BE54-9A1E7A4F7556}") = "samaurais", "..\Samaurais\samaurais.csproj", "{BA39BB87-57FD-41C2-8808-845DB96AD27E}"
EndProject
Project("{9A19103F-16F7-4668-BE54-9A1E7A4F7556}") = "SamauraisApi", "..\SamauraisApi\SamauraisApi.csproj", "{AD8A769D-A10E-427D-8917-D50405E17293}"
EndProject
Global
	GlobalSection(SolutionConfigurationPlatforms) = preSolution
		Debug|Any CPU = Debug|Any CPU
		Release|Any CPU = Release|Any CPU
	EndGlobalSection
	GlobalSection(ProjectConfigurationPlatforms) = postSolution
		{6B0975D1-FA65-48BC-876C-3586AF34269D}.Debug|Any CPU.ActiveCfg = Debug|Any CPU
		{6B0975D1-FA65-48BC-876C-3586AF34269D}.Debug|Any CPU.Build.0 = Debug|Any CPU
		{6B0975D1-FA65-48BC-876C-3586AF34269D}.Release|Any CPU.ActiveCfg = Release|Any CPU
		{6B0975D1-FA65-48BC-876C-3586AF34269D}.Release|Any CPU.Build.0 = Release|Any CPU
		{BA39BB87-57FD-41C2-8808-845DB96AD27E}.Debug|Any CPU.ActiveCfg = Debug|Any CPU
		{BA39BB87-57FD-41C2-8808-845DB96AD27E}.Debug|Any CPU.Build.0 = Debug|Any CPU
		{BA39BB87-57FD-41C2-8808-845DB96AD27E}.Release|Any CPU.ActiveCfg = Release|Any CPU
		{BA39BB87-57FD-41C2-8808-845DB96AD27E}.Release|Any CPU.Build.0 = Release|Any CPU
		{AD8A769D-A10E-427D-8917-D50405E17293}.Debug|Any CPU.ActiveCfg = Debug|Any CPU
		{AD8A769D-A10E-427D-8917-D50405E17293}.Debug|Any CPU.Build.0 = Debug|Any CPU
		{AD8A769D-A10E-427D-8917-D50405E17293}.Release|Any CPU.ActiveCfg = Release|Any CPU
		{AD8A769D-A10E-427D-8917-D50405E17293}.Release|Any CPU.Build.0 = Release|Any CPU
	EndGlobalSection
	GlobalSection(SolutionProperties) = preSolution
		HideSolutionNode = FALSE
	EndGlobalSection
	GlobalSection(ExtensibilityGlobals) = postSolution
		SolutionGuid = {0B1E4986-4E59-4134-BD47-A67A5B731959}
	EndGlobalSection
EndGlobal
